github.com/pilebones/go-udev v0.9.1 h1:uN72M1C1fgzhsVmBGEM8w9RD1JY4iVsPZpr+Z6rb3O8=
github.com/pilebones/go-udev v0.9.1/go.mod h1:Bgcl07crebF3JSeS4+nuaRvhWFdCeFoBhXXeAp93XNo=
golang.org/x/sys v0.46.0 h1:noSf2Fq6F8DBgS+LysIkx7rIExoNHJsxOAtPp4rthXw=
golang.org/x/sys v0.46.0/go.mod h1:4GL1E5IUh+htKOUEOaiffhrAeqysfVGipDYzABqnCmw=
